{
  "originHash" : "6b7ed5a846714ede8e349b13fcb435daa48c5d59f473e411d1bcecb45210ed1c",
  "pins" : [
    {
      "identity" : "swift-sdk",
      "kind" : "remoteSourceControl",
      "location" : "https://github.com/open-feature/swift-sdk",
      "state" : {
        "revision" : "d71686219a65ab78f77923ceb0e2ea549e1e50ef",
        "version" : "0.5.0"
      }
    },
    {
      "identity" : "swifteventbus",
      "kind" : "remoteSourceControl",
      "location" : "https://github.com/cesarferreira/SwiftEventBus.git",
      "state" : {
        "revision" : "a30ff35e616f507d8a8d122dac32a2150371a87e",
        "version" : "5.1.0"
      }
    },
    {
      "identity" : "unleash-ios-sdk",
      "kind" : "remoteSourceControl",
      "location" : "https://github.com/Unleash/unleash-ios-sdk",
      "state" : {
        "revision" : "0720c3b6338f0aa62c20b921dea7a456ec374c90",
        "version" : "2.5.0"
      }
    }
  ],
  "version" : 3
}
