{
  "originHash" : "7982d845b0ac53a3bd6c2e13646a8980165f10cb7c52994defd9fd614801bcd9",
  "pins" : [
    {
      "identity" : "swift-sdk",
      "kind" : "remoteSourceControl",
      "location" : "https://github.com/open-feature/swift-sdk",
      "state" : {
        "revision" : "d71686219a65ab78f77923ceb0e2ea549e1e50ef",
        "version" : "0.5.0"
      }
    },
    {
      "identity" : "swifteventbus",
      "kind" : "remoteSourceControl",
      "location" : "https://github.com/cesarferreira/SwiftEventBus.git",
      "state" : {
        "revision" : "a30ff35e616f507d8a8d122dac32a2150371a87e",
        "version" : "5.1.0"
      }
    },
    {
      "identity" : "unleash-ios-sdk",
      "kind" : "remoteSourceControl",
      "location" : "https://github.com/Unleash/unleash-ios-sdk",
      "state" : {
        "revision" : "b03036b40dca2793b90ce7bddbb5184b8aa7dd04",
        "version" : "2.5.0"
      }
    }
  ],
  "version" : 3
}
