{
  "originHash" : "2b9c5f0c7bc8a03d0e2b86bc4186964e10a2efacd4134c17d53566f12c8a54fe",
  "pins" : [
    {
      "identity" : "swift-sdk",
      "kind" : "remoteSourceControl",
      "location" : "https://github.com/open-feature/swift-sdk",
      "state" : {
        "revision" : "d71686219a65ab78f77923ceb0e2ea549e1e50ef",
        "version" : "0.5.0"
      }
    },
    {
      "identity" : "swifteventbus",
      "kind" : "remoteSourceControl",
      "location" : "https://github.com/cesarferreira/SwiftEventBus.git",
      "state" : {
        "revision" : "a30ff35e616f507d8a8d122dac32a2150371a87e",
        "version" : "5.1.0"
      }
    }
  ],
  "version" : 3
}
